// !$*UTF8*$!
{
	archiveVersion = 1;
	classes = {
	};
	objectVersion = 46;
	objects = {

/* Begin PBXBuildFile section */
		6E2C913C2824A540562EED1E /* Pods_Stupid_Quotes.framework in Frameworks */ = {isa = PBXBuildFile; fileRef = 282DC09F618D4EBE033D2005 /* Pods_Stupid_Quotes.framework */; };
		AE3532A21F38DC1C00CDA701 /* QuoteService.swift in Sources */ = {isa = PBXBuildFile; fileRef = AE3532A11F38DC1C00CDA701 /* QuoteService.swift */; };
		AE3532A51F38DC3F00CDA701 /* DatabaseReference+Location.swift in Sources */ = {isa = PBXBuildFile; fileRef = AE3532A41F38DC3F00CDA701 /* DatabaseReference+Location.swift */; };
		AE3532A81F38DE8A00CDA701 /* Group.swift in Sources */ = {isa = PBXBuildFile; fileRef = AE3532A71F38DE8A00CDA701 /* Group.swift */; };
		AE3532AA1F38E97400CDA701 /* QuoteCell.swift in Sources */ = {isa = PBXBuildFile; fileRef = AE3532A91F38E97400CDA701 /* QuoteCell.swift */; };
		AE3532AC1F38EA5300CDA701 /* GroupsViewController.swift in Sources */ = {isa = PBXBuildFile; fileRef = AE3532AB1F38EA5300CDA701 /* GroupsViewController.swift */; };
		AE3532AF1F38EA7000CDA701 /* Groups.storyboard in Resources */ = {isa = PBXBuildFile; fileRef = AE3532AD1F38EA7000CDA701 /* Groups.storyboard */; };
		AE3532B11F38EC7600CDA701 /* Login.storyboard in Resources */ = {isa = PBXBuildFile; fileRef = AE3532B01F38EC7600CDA701 /* Login.storyboard */; };
		AE3532B31F38FB7600CDA701 /* Style.swift in Sources */ = {isa = PBXBuildFile; fileRef = AE3532B21F38FB7600CDA701 /* Style.swift */; };
		AE3532B51F38FBFA00CDA701 /* Constants.swift in Sources */ = {isa = PBXBuildFile; fileRef = AE3532B41F38FBFA00CDA701 /* Constants.swift */; };
		AE3532B71F38FCFD00CDA701 /* LoginViewController.swift in Sources */ = {isa = PBXBuildFile; fileRef = AE3532B61F38FCFD00CDA701 /* LoginViewController.swift */; };
		AE3532B91F38FD6B00CDA701 /* LoginService.swift in Sources */ = {isa = PBXBuildFile; fileRef = AE3532B81F38FD6B00CDA701 /* LoginService.swift */; };
		AE3532BD1F3915ED00CDA701 /* UIViewController+Alert.swift in Sources */ = {isa = PBXBuildFile; fileRef = AE3532BC1F3915ED00CDA701 /* UIViewController+Alert.swift */; };
		AE3532BF1F391B9B00CDA701 /* CreateAccount.storyboard in Resources */ = {isa = PBXBuildFile; fileRef = AE3532BE1F391B9B00CDA701 /* CreateAccount.storyboard */; };
		AE3532C11F39242200CDA701 /* CreateAccountViewController.swift in Sources */ = {isa = PBXBuildFile; fileRef = AE3532C01F39242200CDA701 /* CreateAccountViewController.swift */; };
		AE3532C31F3A499600CDA701 /* Storyboard+Utility.swift in Sources */ = {isa = PBXBuildFile; fileRef = AE3532C21F3A499600CDA701 /* Storyboard+Utility.swift */; };
		AE3532C51F3A50AD00CDA701 /* UserService.swift in Sources */ = {isa = PBXBuildFile; fileRef = AE3532C41F3A50AD00CDA701 /* UserService.swift */; };
		AE3532C71F3A578500CDA701 /* UITableView+Cell.swift in Sources */ = {isa = PBXBuildFile; fileRef = AE3532C61F3A578500CDA701 /* UITableView+Cell.swift */; };
		AE3532CA1F3B794200CDA701 /* GroupCell.swift in Sources */ = {isa = PBXBuildFile; fileRef = AE3532C91F3B794200CDA701 /* GroupCell.swift */; };
		AE3532CC1F3B800D00CDA701 /* GroupService.swift in Sources */ = {isa = PBXBuildFile; fileRef = AE3532CB1F3B800D00CDA701 /* GroupService.swift */; };
		AE3532CE1F3BA86B00CDA701 /* UIView+RoundedCorners.swift in Sources */ = {isa = PBXBuildFile; fileRef = AE3532CD1F3BA86B00CDA701 /* UIView+RoundedCorners.swift */; };
		AEE697F71F38CF8F00B43FC0 /* AppDelegate.swift in Sources */ = {isa = PBXBuildFile; fileRef = AEE697F61F38CF8F00B43FC0 /* AppDelegate.swift */; };
		AEE697F91F38CF8F00B43FC0 /* CreateQuote.swift in Sources */ = {isa = PBXBuildFile; fileRef = AEE697F81F38CF8F00B43FC0 /* CreateQuote.swift */; };
		AEE697FC1F38CF8F00B43FC0 /* CreateQuote.storyboard in Resources */ = {isa = PBXBuildFile; fileRef = AEE697FA1F38CF8F00B43FC0 /* CreateQuote.storyboard */; };
		AEE697FE1F38CF8F00B43FC0 /* Assets.xcassets in Resources */ = {isa = PBXBuildFile; fileRef = AEE697FD1F38CF8F00B43FC0 /* Assets.xcassets */; };
		AEE698011F38CF8F00B43FC0 /* LaunchScreen.storyboard in Resources */ = {isa = PBXBuildFile; fileRef = AEE697FF1F38CF8F00B43FC0 /* LaunchScreen.storyboard */; };
		AEE698121F38D28700B43FC0 /* GoogleService-Info.plist in Resources */ = {isa = PBXBuildFile; fileRef = AEE698111F38D28700B43FC0 /* GoogleService-Info.plist */; };
		AEE698141F38D46F00B43FC0 /* User.swift in Sources */ = {isa = PBXBuildFile; fileRef = AEE698131F38D46F00B43FC0 /* User.swift */; };
		AEE698161F38D47900B43FC0 /* Quote.swift in Sources */ = {isa = PBXBuildFile; fileRef = AEE698151F38D47900B43FC0 /* Quote.swift */; };
/* End PBXBuildFile section */

/* Begin PBXFileReference section */
		282DC09F618D4EBE033D2005 /* Pods_Stupid_Quotes.framework */ = {isa = PBXFileReference; explicitFileType = wrapper.framework; includeInIndex = 0; path = Pods_Stupid_Quotes.framework; sourceTree = BUILT_PRODUCTS_DIR; };
		2CC090E9AAA4EC2A894670C7 /* Pods-Stupid Quotes.debug.xcconfig */ = {isa = PBXFileReference; includeInIndex = 1; lastKnownFileType = text.xcconfig; name = "Pods-Stupid Quotes.debug.xcconfig"; path = "Pods/Target Support Files/Pods-Stupid Quotes/Pods-Stupid Quotes.debug.xcconfig"; sourceTree = "<group>"; };
		AE3532A11F38DC1C00CDA701 /* QuoteService.swift */ = {isa = PBXFileReference; fileEncoding = 4; lastKnownFileType = sourcecode.swift; path = QuoteService.swift; sourceTree = "<group>"; };
		AE3532A41F38DC3F00CDA701 /* DatabaseReference+Location.swift */ = {isa = PBXFileReference; fileEncoding = 4; lastKnownFileType = sourcecode.swift; path = "DatabaseReference+Location.swift"; sourceTree = "<group>"; };
		AE3532A71F38DE8A00CDA701 /* Group.swift */ = {isa = PBXFileReference; fileEncoding = 4; lastKnownFileType = sourcecode.swift; path = Group.swift; sourceTree = "<group>"; };
		AE3532A91F38E97400CDA701 /* QuoteCell.swift */ = {isa = PBXFileReference; fileEncoding = 4; lastKnownFileType = sourcecode.swift; path = QuoteCell.swift; sourceTree = "<group>"; };
		AE3532AB1F38EA5300CDA701 /* GroupsViewController.swift */ = {isa = PBXFileReference; fileEncoding = 4; lastKnownFileType = sourcecode.swift; path = GroupsViewController.swift; sourceTree = "<group>"; };
		AE3532AE1F38EA7000CDA701 /* Base */ = {isa = PBXFileReference; lastKnownFileType = file.storyboard; name = Base; path = Base.lproj/Groups.storyboard; sourceTree = "<group>"; };
		AE3532B01F38EC7600CDA701 /* Login.storyboard */ = {isa = PBXFileReference; fileEncoding = 4; lastKnownFileType = file.storyboard; path = Login.storyboard; sourceTree = "<group>"; };
		AE3532B21F38FB7600CDA701 /* Style.swift */ = {isa = PBXFileReference; fileEncoding = 4; lastKnownFileType = sourcecode.swift; path = Style.swift; sourceTree = "<group>"; };
		AE3532B41F38FBFA00CDA701 /* Constants.swift */ = {isa = PBXFileReference; fileEncoding = 4; lastKnownFileType = sourcecode.swift; path = Constants.swift; sourceTree = "<group>"; };
		AE3532B61F38FCFD00CDA701 /* LoginViewController.swift */ = {isa = PBXFileReference; fileEncoding = 4; lastKnownFileType = sourcecode.swift; path = LoginViewController.swift; sourceTree = "<group>"; };
		AE3532B81F38FD6B00CDA701 /* LoginService.swift */ = {isa = PBXFileReference; fileEncoding = 4; lastKnownFileType = sourcecode.swift; path = LoginService.swift; sourceTree = "<group>"; };
		AE3532BC1F3915ED00CDA701 /* UIViewController+Alert.swift */ = {isa = PBXFileReference; fileEncoding = 4; lastKnownFileType = sourcecode.swift; path = "UIViewController+Alert.swift"; sourceTree = "<group>"; };
		AE3532BE1F391B9B00CDA701 /* CreateAccount.storyboard */ = {isa = PBXFileReference; fileEncoding = 4; lastKnownFileType = file.storyboard; path = CreateAccount.storyboard; sourceTree = "<group>"; };
		AE3532C01F39242200CDA701 /* CreateAccountViewController.swift */ = {isa = PBXFileReference; fileEncoding = 4; lastKnownFileType = sourcecode.swift; path = CreateAccountViewController.swift; sourceTree = "<group>"; };
		AE3532C21F3A499600CDA701 /* Storyboard+Utility.swift */ = {isa = PBXFileReference; fileEncoding = 4; lastKnownFileType = sourcecode.swift; path = "Storyboard+Utility.swift"; sourceTree = "<group>"; };
		AE3532C41F3A50AD00CDA701 /* UserService.swift */ = {isa = PBXFileReference; fileEncoding = 4; lastKnownFileType = sourcecode.swift; path = UserService.swift; sourceTree = "<group>"; };
		AE3532C61F3A578500CDA701 /* UITableView+Cell.swift */ = {isa = PBXFileReference; fileEncoding = 4; lastKnownFileType = sourcecode.swift; path = "UITableView+Cell.swift"; sourceTree = "<group>"; };
		AE3532C91F3B794200CDA701 /* GroupCell.swift */ = {isa = PBXFileReference; fileEncoding = 4; lastKnownFileType = sourcecode.swift; path = GroupCell.swift; sourceTree = "<group>"; };
		AE3532CB1F3B800D00CDA701 /* GroupService.swift */ = {isa = PBXFileReference; fileEncoding = 4; lastKnownFileType = sourcecode.swift; path = GroupService.swift; sourceTree = "<group>"; };
		AE3532CD1F3BA86B00CDA701 /* UIView+RoundedCorners.swift */ = {isa = PBXFileReference; fileEncoding = 4; lastKnownFileType = sourcecode.swift; path = "UIView+RoundedCorners.swift"; sourceTree = "<group>"; };
		AEE697F31F38CF8F00B43FC0 /* Stupid Quotes.app */ = {isa = PBXFileReference; explicitFileType = wrapper.application; includeInIndex = 0; path = "Stupid Quotes.app"; sourceTree = BUILT_PRODUCTS_DIR; };
		AEE697F61F38CF8F00B43FC0 /* AppDelegate.swift */ = {isa = PBXFileReference; lastKnownFileType = sourcecode.swift; path = AppDelegate.swift; sourceTree = "<group>"; };
		AEE697F81F38CF8F00B43FC0 /* CreateQuote.swift */ = {isa = PBXFileReference; lastKnownFileType = sourcecode.swift; path = CreateQuote.swift; sourceTree = "<group>"; };
		AEE697FB1F38CF8F00B43FC0 /* Base */ = {isa = PBXFileReference; lastKnownFileType = file.storyboard; name = Base; path = Base.lproj/CreateQuote.storyboard; sourceTree = "<group>"; };
		AEE697FD1F38CF8F00B43FC0 /* Assets.xcassets */ = {isa = PBXFileReference; lastKnownFileType = folder.assetcatalog; path = Assets.xcassets; sourceTree = "<group>"; };
		AEE698001F38CF8F00B43FC0 /* Base */ = {isa = PBXFileReference; lastKnownFileType = file.storyboard; name = Base; path = Base.lproj/LaunchScreen.storyboard; sourceTree = "<group>"; };
		AEE698021F38CF8F00B43FC0 /* Info.plist */ = {isa = PBXFileReference; lastKnownFileType = text.plist.xml; path = Info.plist; sourceTree = "<group>"; };
		AEE698111F38D28700B43FC0 /* GoogleService-Info.plist */ = {isa = PBXFileReference; fileEncoding = 4; lastKnownFileType = text.plist.xml; name = "GoogleService-Info.plist"; path = "../GoogleService-Info.plist"; sourceTree = "<group>"; };
		AEE698131F38D46F00B43FC0 /* User.swift */ = {isa = PBXFileReference; fileEncoding = 4; lastKnownFileType = sourcecode.swift; path = User.swift; sourceTree = "<group>"; };
		AEE698151F38D47900B43FC0 /* Quote.swift */ = {isa = PBXFileReference; fileEncoding = 4; lastKnownFileType = sourcecode.swift; path = Quote.swift; sourceTree = "<group>"; };
		CFC74572311DE19F8DA83D8C /* Pods-Stupid Quotes.release.xcconfig */ = {isa = PBXFileReference; includeInIndex = 1; lastKnownFileType = text.xcconfig; name = "Pods-Stupid Quotes.release.xcconfig"; path = "Pods/Target Support Files/Pods-Stupid Quotes/Pods-Stupid Quotes.release.xcconfig"; sourceTree = "<group>"; };
/* End PBXFileReference section */

/* Begin PBXFrameworksBuildPhase section */
		AEE697F01F38CF8F00B43FC0 /* Frameworks */ = {
			isa = PBXFrameworksBuildPhase;
			buildActionMask = 2147483647;
			files = (
				6E2C913C2824A540562EED1E /* Pods_Stupid_Quotes.framework in Frameworks */,
			);
			runOnlyForDeploymentPostprocessing = 0;
		};
/* End PBXFrameworksBuildPhase section */

/* Begin PBXGroup section */
		49EC26E7052E9432D392C160 /* Pods */ = {
			isa = PBXGroup;
			children = (
				2CC090E9AAA4EC2A894670C7 /* Pods-Stupid Quotes.debug.xcconfig */,
				CFC74572311DE19F8DA83D8C /* Pods-Stupid Quotes.release.xcconfig */,
			);
			name = Pods;
			sourceTree = "<group>";
		};
		AE3532A31F38DC2D00CDA701 /* Extensions */ = {
			isa = PBXGroup;
			children = (
				AE3532A41F38DC3F00CDA701 /* DatabaseReference+Location.swift */,
				AE3532BC1F3915ED00CDA701 /* UIViewController+Alert.swift */,
				AE3532C21F3A499600CDA701 /* Storyboard+Utility.swift */,
				AE3532C61F3A578500CDA701 /* UITableView+Cell.swift */,
				AE3532CD1F3BA86B00CDA701 /* UIView+RoundedCorners.swift */,
			);
			name = Extensions;
			sourceTree = "<group>";
		};
		AEE697EA1F38CF8F00B43FC0 = {
			isa = PBXGroup;
			children = (
				AEE697F51F38CF8F00B43FC0 /* Stupid Quotes */,
				AEE697F41F38CF8F00B43FC0 /* Products */,
				49EC26E7052E9432D392C160 /* Pods */,
				F095531B83D0A9177E6E1E82 /* Frameworks */,
			);
			sourceTree = "<group>";
		};
		AEE697F41F38CF8F00B43FC0 /* Products */ = {
			isa = PBXGroup;
			children = (
				AEE697F31F38CF8F00B43FC0 /* Stupid Quotes.app */,
			);
			name = Products;
			sourceTree = "<group>";
		};
		AEE697F51F38CF8F00B43FC0 /* Stupid Quotes */ = {
			isa = PBXGroup;
			children = (
				AE3532A31F38DC2D00CDA701 /* Extensions */,
				AEE6980E1F38D1C500B43FC0 /* Supporting Files */,
				AEE6980D1F38D1BC00B43FC0 /* Services */,
				AEE6980C1F38D1B100B43FC0 /* View Controllers */,
				AEE6980B1F38D1A900B43FC0 /* Views */,
				AEE6980A1F38D19F00B43FC0 /* Models */,
				AEE698091F38D19200B43FC0 /* Helpers */,
				AEE698081F38D18400B43FC0 /* Storyboards */,
				AEE697FD1F38CF8F00B43FC0 /* Assets.xcassets */,
			);
			path = "Stupid Quotes";
			sourceTree = "<group>";
		};
		AEE698081F38D18400B43FC0 /* Storyboards */ = {
			isa = PBXGroup;
			children = (
				AEE697FA1F38CF8F00B43FC0 /* CreateQuote.storyboard */,
				AE3532AD1F38EA7000CDA701 /* Groups.storyboard */,
				AE3532B01F38EC7600CDA701 /* Login.storyboard */,
				AE3532BE1F391B9B00CDA701 /* CreateAccount.storyboard */,
			);
			name = Storyboards;
			sourceTree = "<group>";
		};
		AEE698091F38D19200B43FC0 /* Helpers */ = {
			isa = PBXGroup;
			children = (
			);
			name = Helpers;
			sourceTree = "<group>";
		};
		AEE6980A1F38D19F00B43FC0 /* Models */ = {
			isa = PBXGroup;
			children = (
				AEE698131F38D46F00B43FC0 /* User.swift */,
				AEE698151F38D47900B43FC0 /* Quote.swift */,
				AE3532A71F38DE8A00CDA701 /* Group.swift */,
			);
			name = Models;
			sourceTree = "<group>";
		};
		AEE6980B1F38D1A900B43FC0 /* Views */ = {
			isa = PBXGroup;
			children = (
				AE3532A91F38E97400CDA701 /* QuoteCell.swift */,
				AE3532C91F3B794200CDA701 /* GroupCell.swift */,
			);
			name = Views;
			sourceTree = "<group>";
		};
		AEE6980C1F38D1B100B43FC0 /* View Controllers */ = {
			isa = PBXGroup;
			children = (
				AEE697F81F38CF8F00B43FC0 /* CreateQuote.swift */,
				AE3532AB1F38EA5300CDA701 /* GroupsViewController.swift */,
				AE3532B61F38FCFD00CDA701 /* LoginViewController.swift */,
				AE3532C01F39242200CDA701 /* CreateAccountViewController.swift */,
			);
			name = "View Controllers";
			sourceTree = "<group>";
		};
		AEE6980D1F38D1BC00B43FC0 /* Services */ = {
			isa = PBXGroup;
			children = (
				AE3532A11F38DC1C00CDA701 /* QuoteService.swift */,
				AE3532B81F38FD6B00CDA701 /* LoginService.swift */,
				AE3532C41F3A50AD00CDA701 /* UserService.swift */,
				AE3532CB1F3B800D00CDA701 /* GroupService.swift */,
			);
			name = Services;
			sourceTree = "<group>";
		};
		AEE6980E1F38D1C500B43FC0 /* Supporting Files */ = {
			isa = PBXGroup;
			children = (
				AEE697F61F38CF8F00B43FC0 /* AppDelegate.swift */,
				AEE698021F38CF8F00B43FC0 /* Info.plist */,
				AEE697FF1F38CF8F00B43FC0 /* LaunchScreen.storyboard */,
				AEE698111F38D28700B43FC0 /* GoogleService-Info.plist */,
				AE3532B21F38FB7600CDA701 /* Style.swift */,
				AE3532B41F38FBFA00CDA701 /* Constants.swift */,
			);
			name = "Supporting Files";
			sourceTree = "<group>";
		};
		F095531B83D0A9177E6E1E82 /* Frameworks */ = {
			isa = PBXGroup;
			children = (
				282DC09F618D4EBE033D2005 /* Pods_Stupid_Quotes.framework */,
			);
			name = Frameworks;
			sourceTree = "<group>";
		};
/* End PBXGroup section */

/* Begin PBXNativeTarget section */
		AEE697F21F38CF8F00B43FC0 /* Stupid Quotes */ = {
			isa = PBXNativeTarget;
			buildConfigurationList = AEE698051F38CF8F00B43FC0 /* Build configuration list for PBXNativeTarget "Stupid Quotes" */;
			buildPhases = (
				19B56A610994A50B5864C041 /* [CP] Check Pods Manifest.lock */,
				AEE697EF1F38CF8F00B43FC0 /* Sources */,
				AEE697F01F38CF8F00B43FC0 /* Frameworks */,
				AEE697F11F38CF8F00B43FC0 /* Resources */,
				B110872FD8C05B63D3D61CF8 /* [CP] Embed Pods Frameworks */,
				74BA9CB66A9182FEE1CF45B6 /* [CP] Copy Pods Resources */,
			);
			buildRules = (
			);
			dependencies = (
			);
			name = "Stupid Quotes";
			productName = "Stupid Quotes";
			productReference = AEE697F31F38CF8F00B43FC0 /* Stupid Quotes.app */;
			productType = "com.apple.product-type.application";
		};
/* End PBXNativeTarget section */

/* Begin PBXProject section */
		AEE697EB1F38CF8F00B43FC0 /* Project object */ = {
			isa = PBXProject;
			attributes = {
				LastSwiftUpdateCheck = 0830;
				LastUpgradeCheck = 0830;
				ORGANIZATIONNAME = MakeSchool;
				TargetAttributes = {
					AEE697F21F38CF8F00B43FC0 = {
						CreatedOnToolsVersion = 8.3.3;
						DevelopmentTeam = P4PBGN25JV;
						ProvisioningStyle = Automatic;
					};
				};
			};
			buildConfigurationList = AEE697EE1F38CF8F00B43FC0 /* Build configuration list for PBXProject "Stupid Quotes" */;
			compatibilityVersion = "Xcode 3.2";
			developmentRegion = English;
			hasScannedForEncodings = 0;
			knownRegions = (
				en,
				Base,
			);
			mainGroup = AEE697EA1F38CF8F00B43FC0;
			productRefGroup = AEE697F41F38CF8F00B43FC0 /* Products */;
			projectDirPath = "";
			projectRoot = "";
			targets = (
				AEE697F21F38CF8F00B43FC0 /* Stupid Quotes */,
			);
		};
/* End PBXProject section */

/* Begin PBXResourcesBuildPhase section */
		AEE697F11F38CF8F00B43FC0 /* Resources */ = {
			isa = PBXResourcesBuildPhase;
			buildActionMask = 2147483647;
			files = (
				AE3532AF1F38EA7000CDA701 /* Groups.storyboard in Resources */,
				AEE698011F38CF8F00B43FC0 /* LaunchScreen.storyboard in Resources */,
				AE3532B11F38EC7600CDA701 /* Login.storyboard in Resources */,
				AEE698121F38D28700B43FC0 /* GoogleService-Info.plist in Resources */,
				AEE697FE1F38CF8F00B43FC0 /* Assets.xcassets in Resources */,
				AE3532BF1F391B9B00CDA701 /* CreateAccount.storyboard in Resources */,
				AEE697FC1F38CF8F00B43FC0 /* CreateQuote.storyboard in Resources */,
			);
			runOnlyForDeploymentPostprocessing = 0;
		};
/* End PBXResourcesBuildPhase section */

/* Begin PBXShellScriptBuildPhase section */
		19B56A610994A50B5864C041 /* [CP] Check Pods Manifest.lock */ = {
			isa = PBXShellScriptBuildPhase;
			buildActionMask = 2147483647;
			files = (
			);
			inputPaths = (
			);
			name = "[CP] Check Pods Manifest.lock";
			outputPaths = (
			);
			runOnlyForDeploymentPostprocessing = 0;
			shellPath = /bin/sh;
			shellScript = "diff \"${PODS_PODFILE_DIR_PATH}/Podfile.lock\" \"${PODS_ROOT}/Manifest.lock\" > /dev/null\nif [ $? != 0 ] ; then\n    # print error to STDERR\n    echo \"error: The sandbox is not in sync with the Podfile.lock. Run 'pod install' or update your CocoaPods installation.\" >&2\n    exit 1\nfi\n";
			showEnvVarsInLog = 0;
		};
		74BA9CB66A9182FEE1CF45B6 /* [CP] Copy Pods Resources */ = {
			isa = PBXShellScriptBuildPhase;
			buildActionMask = 2147483647;
			files = (
			);
			inputPaths = (
			);
			name = "[CP] Copy Pods Resources";
			outputPaths = (
			);
			runOnlyForDeploymentPostprocessing = 0;
			shellPath = /bin/sh;
			shellScript = "\"${SRCROOT}/Pods/Target Support Files/Pods-Stupid Quotes/Pods-Stupid Quotes-resources.sh\"\n";
			showEnvVarsInLog = 0;
		};
		B110872FD8C05B63D3D61CF8 /* [CP] Embed Pods Frameworks */ = {
			isa = PBXShellScriptBuildPhase;
			buildActionMask = 2147483647;
			files = (
			);
			inputPaths = (
			);
			name = "[CP] Embed Pods Frameworks";
			outputPaths = (
			);
			runOnlyForDeploymentPostprocessing = 0;
			shellPath = /bin/sh;
			shellScript = "\"${SRCROOT}/Pods/Target Support Files/Pods-Stupid Quotes/Pods-Stupid Quotes-frameworks.sh\"\n";
			showEnvVarsInLog = 0;
		};
/* End PBXShellScriptBuildPhase section */

/* Begin PBXSourcesBuildPhase section */
		AEE697EF1F38CF8F00B43FC0 /* Sources */ = {
			isa = PBXSourcesBuildPhase;
			buildActionMask = 2147483647;
			files = (
				AE3532B71F38FCFD00CDA701 /* LoginViewController.swift in Sources */,
				AE3532B91F38FD6B00CDA701 /* LoginService.swift in Sources */,
				AE3532CA1F3B794200CDA701 /* GroupCell.swift in Sources */,
				AE3532CE1F3BA86B00CDA701 /* UIView+RoundedCorners.swift in Sources */,
				AE3532AA1F38E97400CDA701 /* QuoteCell.swift in Sources */,
				AE3532B51F38FBFA00CDA701 /* Constants.swift in Sources */,
				AE3532A51F38DC3F00CDA701 /* DatabaseReference+Location.swift in Sources */,
				AEE698161F38D47900B43FC0 /* Quote.swift in Sources */,
				AE3532C51F3A50AD00CDA701 /* UserService.swift in Sources */,
				AE3532A81F38DE8A00CDA701 /* Group.swift in Sources */,
				AEE697F91F38CF8F00B43FC0 /* CreateQuote.swift in Sources */,
				AE3532A21F38DC1C00CDA701 /* QuoteService.swift in Sources */,
				AE3532CC1F3B800D00CDA701 /* GroupService.swift in Sources */,
				AE3532C11F39242200CDA701 /* CreateAccountViewController.swift in Sources */,
				AE3532C71F3A578500CDA701 /* UITableView+Cell.swift in Sources */,
				AEE697F71F38CF8F00B43FC0 /* AppDelegate.swift in Sources */,
				AE3532C31F3A499600CDA701 /* Storyboard+Utility.swift in Sources */,
				AEE698141F38D46F00B43FC0 /* User.swift in Sources */,
				AE3532AC1F38EA5300CDA701 /* GroupsViewController.swift in Sources */,
				AE3532B31F38FB7600CDA701 /* Style.swift in Sources */,
				AE3532BD1F3915ED00CDA701 /* UIViewController+Alert.swift in Sources */,
			);
			runOnlyForDeploymentPostprocessing = 0;
		};
/* End PBXSourcesBuildPhase section */

/* Begin PBXVariantGroup section */
		AE3532AD1F38EA7000CDA701 /* Groups.storyboard */ = {
			isa = PBXVariantGroup;
			children = (
				AE3532AE1F38EA7000CDA701 /* Base */,
			);
			name = Groups.storyboard;
			sourceTree = "<group>";
		};
		AEE697FA1F38CF8F00B43FC0 /* CreateQuote.storyboard */ = {
			isa = PBXVariantGroup;
			children = (
				AEE697FB1F38CF8F00B43FC0 /* Base */,
			);
			name = CreateQuote.storyboard;
			sourceTree = "<group>";
		};
		AEE697FF1F38CF8F00B43FC0 /* LaunchScreen.storyboard */ = {
			isa = PBXVariantGroup;
			children = (
				AEE698001F38CF8F00B43FC0 /* Base */,
			);
			name = LaunchScreen.storyboard;
			sourceTree = "<group>";
		};
/* End PBXVariantGroup section */

/* Begin XCBuildConfiguration section */
		AEE698031F38CF8F00B43FC0 /* Debug */ = {
			isa = XCBuildConfiguration;
			buildSettings = {
				ALWAYS_SEARCH_USER_PATHS = NO;
				CLANG_ANALYZER_NONNULL = YES;
				CLANG_ANALYZER_NUMBER_OBJECT_CONVERSION = YES_AGGRESSIVE;
				CLANG_CXX_LANGUAGE_STANDARD = "gnu++0x";
				CLANG_CXX_LIBRARY = "libc++";
				CLANG_ENABLE_MODULES = YES;
				CLANG_ENABLE_OBJC_ARC = YES;
				CLANG_WARN_BOOL_CONVERSION = YES;
				CLANG_WARN_CONSTANT_CONVERSION = YES;
				CLANG_WARN_DIRECT_OBJC_ISA_USAGE = YES_ERROR;
				CLANG_WARN_DOCUMENTATION_COMMENTS = YES;
				CLANG_WARN_EMPTY_BODY = YES;
				CLANG_WARN_ENUM_CONVERSION = YES;
				CLANG_WARN_INFINITE_RECURSION = YES;
				CLANG_WARN_INT_CONVERSION = YES;
				CLANG_WARN_OBJC_ROOT_CLASS = YES_ERROR;
				CLANG_WARN_SUSPICIOUS_MOVE = YES;
				CLANG_WARN_UNREACHABLE_CODE = YES;
				CLANG_WARN__DUPLICATE_METHOD_MATCH = YES;
				"CODE_SIGN_IDENTITY[sdk=iphoneos*]" = "iPhone Developer";
				COPY_PHASE_STRIP = NO;
				DEBUG_INFORMATION_FORMAT = dwarf;
				ENABLE_STRICT_OBJC_MSGSEND = YES;
				ENABLE_TESTABILITY = YES;
				GCC_C_LANGUAGE_STANDARD = gnu99;
				GCC_DYNAMIC_NO_PIC = NO;
				GCC_NO_COMMON_BLOCKS = YES;
				GCC_OPTIMIZATION_LEVEL = 0;
				GCC_PREPROCESSOR_DEFINITIONS = (
					"DEBUG=1",
					"$(inherited)",
				);
				GCC_WARN_64_TO_32_BIT_CONVERSION = YES;
				GCC_WARN_ABOUT_RETURN_TYPE = YES_ERROR;
				GCC_WARN_UNDECLARED_SELECTOR = YES;
				GCC_WARN_UNINITIALIZED_AUTOS = YES_AGGRESSIVE;
				GCC_WARN_UNUSED_FUNCTION = YES;
				GCC_WARN_UNUSED_VARIABLE = YES;
				IPHONEOS_DEPLOYMENT_TARGET = 10.3;
				MTL_ENABLE_DEBUG_INFO = YES;
				ONLY_ACTIVE_ARCH = YES;
				SDKROOT = iphoneos;
				SWIFT_ACTIVE_COMPILATION_CONDITIONS = DEBUG;
				SWIFT_OPTIMIZATION_LEVEL = "-Onone";
			};
			name = Debug;
		};
		AEE698041F38CF8F00B43FC0 /* Release */ = {
			isa = XCBuildConfiguration;
			buildSettings = {
				ALWAYS_SEARCH_USER_PATHS = NO;
				CLANG_ANALYZER_NONNULL = YES;
				CLANG_ANALYZER_NUMBER_OBJECT_CONVERSION = YES_AGGRESSIVE;
				CLANG_CXX_LANGUAGE_STANDARD = "gnu++0x";
				CLANG_CXX_LIBRARY = "libc++";
				CLANG_ENABLE_MODULES = YES;
				CLANG_ENABLE_OBJC_ARC = YES;
				CLANG_WARN_BOOL_CONVERSION = YES;
				CLANG_WARN_CONSTANT_CONVERSION = YES;
				CLANG_WARN_DIRECT_OBJC_ISA_USAGE = YES_ERROR;
				CLANG_WARN_DOCUMENTATION_COMMENTS = YES;
				CLANG_WARN_EMPTY_BODY = YES;
				CLANG_WARN_ENUM_CONVERSION = YES;
				CLANG_WARN_INFINITE_RECURSION = YES;
				CLANG_WARN_INT_CONVERSION = YES;
				CLANG_WARN_OBJC_ROOT_CLASS = YES_ERROR;
				CLANG_WARN_SUSPICIOUS_MOVE = YES;
				CLANG_WARN_UNREACHABLE_CODE = YES;
				CLANG_WARN__DUPLICATE_METHOD_MATCH = YES;
				"CODE_SIGN_IDENTITY[sdk=iphoneos*]" = "iPhone Developer";
				COPY_PHASE_STRIP = NO;
				DEBUG_INFORMATION_FORMAT = "dwarf-with-dsym";
				ENABLE_NS_ASSERTIONS = NO;
				ENABLE_STRICT_OBJC_MSGSEND = YES;
				GCC_C_LANGUAGE_STANDARD = gnu99;
				GCC_NO_COMMON_BLOCKS = YES;
				GCC_WARN_64_TO_32_BIT_CONVERSION = YES;
				GCC_WARN_ABOUT_RETURN_TYPE = YES_ERROR;
				GCC_WARN_UNDECLARED_SELECTOR = YES;
				GCC_WARN_UNINITIALIZED_AUTOS = YES_AGGRESSIVE;
				GCC_WARN_UNUSED_FUNCTION = YES;
				GCC_WARN_UNUSED_VARIABLE = YES;
				IPHONEOS_DEPLOYMENT_TARGET = 10.3;
				MTL_ENABLE_DEBUG_INFO = NO;
				SDKROOT = iphoneos;
				SWIFT_OPTIMIZATION_LEVEL = "-Owholemodule";
				VALIDATE_PRODUCT = YES;
			};
			name = Release;
		};
		AEE698061F38CF8F00B43FC0 /* Debug */ = {
			isa = XCBuildConfiguration;
			baseConfigurationReference = 2CC090E9AAA4EC2A894670C7 /* Pods-Stupid Quotes.debug.xcconfig */;
			buildSettings = {
				ASSETCATALOG_COMPILER_APPICON_NAME = AppIcon;
				DEVELOPMENT_TEAM = P4PBGN25JV;
				INFOPLIST_FILE = "Stupid Quotes/Info.plist";
				LD_RUNPATH_SEARCH_PATHS = "$(inherited) @executable_path/Frameworks";
				PRODUCT_BUNDLE_IDENTIFIER = "us.duncanmacdonald.Stupid-Quotes";
				PRODUCT_NAME = "$(TARGET_NAME)";
				SWIFT_VERSION = 3.0;
			};
			name = Debug;
		};
		AEE698071F38CF8F00B43FC0 /* Release */ = {
			isa = XCBuildConfiguration;
			baseConfigurationReference = CFC74572311DE19F8DA83D8C /* Pods-Stupid Quotes.release.xcconfig */;
			buildSettings = {
				ASSETCATALOG_COMPILER_APPICON_NAME = AppIcon;
				DEVELOPMENT_TEAM = P4PBGN25JV;
				INFOPLIST_FILE = "Stupid Quotes/Info.plist";
				LD_RUNPATH_SEARCH_PATHS = "$(inherited) @executable_path/Frameworks";
				PRODUCT_BUNDLE_IDENTIFIER = "us.duncanmacdonald.Stupid-Quotes";
				PRODUCT_NAME = "$(TARGET_NAME)";
				SWIFT_VERSION = 3.0;
			};
			name = Release;
		};
/* End XCBuildConfiguration section */

/* Begin XCConfigurationList section */
		AEE697EE1F38CF8F00B43FC0 /* Build configuration list for PBXProject "Stupid Quotes" */ = {
			isa = XCConfigurationList;
			buildConfigurations = (
				AEE698031F38CF8F00B43FC0 /* Debug */,
				AEE698041F38CF8F00B43FC0 /* Release */,
			);
			defaultConfigurationIsVisible = 0;
			defaultConfigurationName = Release;
		};
		AEE698051F38CF8F00B43FC0 /* Build configuration list for PBXNativeTarget "Stupid Quotes" */ = {
			isa = XCConfigurationList;
			buildConfigurations = (
				AEE698061F38CF8F00B43FC0 /* Debug */,
				AEE698071F38CF8F00B43FC0 /* Release */,
			);
			defaultConfigurationIsVisible = 0;
			defaultConfigurationName = Release;
		};
/* End XCConfigurationList section */
	};
	rootObject = AEE697EB1F38CF8F00B43FC0 /* Project object */;
}
